
Microsoft Visual Studio Solution File, Format Version 12.00
# Visual Studio Version 17
VisualStudioVersion = 17.5.33414.496
MinimumVisualStudioVersion = 10.0.40219.1
Project("{FAE04EC0-301F-11D3-BF4B-00C04F79EFBC}") = "Deneme", "Deneme\Deneme.csproj", "{D8BB5D7F-4826-44C5-9979-59FAD62ED656}"
EndProject
Global
	GlobalSection(SolutionConfigurationPlatforms) = preSolution
		Debug|Any CPU = Debug|Any CPU
		Release|Any CPU = Release|Any CPU
	EndGlobalSection
	GlobalSection(ProjectConfigurationPlatforms) = postSolution
		{D8BB5D7F-4826-44C5-9979-59FAD62ED656}.Debug|Any CPU.ActiveCfg = Debug|Any CPU
		{D8BB5D7F-4826-44C5-9979-59FAD62ED656}.Debug|Any CPU.Build.0 = Debug|Any CPU
		{D8BB5D7F-4826-44C5-9979-59FAD62ED656}.Release|Any CPU.ActiveCfg = Release|Any CPU
		{D8BB5D7F-4826-44C5-9979-59FAD62ED656}.Release|Any CPU.Build.0 = Release|Any CPU
	EndGlobalSection
	GlobalSection(SolutionProperties) = preSolution
		HideSolutionNode = FALSE
	EndGlobalSection
	GlobalSection(ExtensibilityGlobals) = postSolution
		SolutionGuid = {F1D9EB93-37F1-4F55-8142-27AAB44D6DBA}
	EndGlobalSection
EndGlobal
